{
  "version": 4,
  "terraform_version": "0.12.29",
  "serial": 390,
  "lineage": "5ad2d871-3fef-8735-aa4a-34cc55e73641",
  "outputs": {
    "private_link_endpoint_ip": {
      "value": "10.0.3.4",
      "type": "string"
    }
  },
  "resources": [
    {
      "mode": "data",
      "type": "azurerm_client_config",
      "name": "current",
      "provider": "provider.azurerm",
      "instances": [
        {
          "schema_version": 0,
          "attributes": {
            "client_id": "04b07795-8ddb-461a-bbee-02f9e1bf7b46",
            "id": "2020-07-24 14:34:29.8839999 +0000 UTC",
            "object_id": "31d6339d-3a99-4ce2-80ce-47de1804c2ad",
            "service_principal_application_id": "",
            "service_principal_object_id": "",
            "subscription_id": "c405f45d-d750-45a5-8d4d-5c9006d4b2b5",
            "tenant_id": "a1a2578a-8fd3-4595-bb18-7d17df8944b0",
            "timeouts": null
          }
        }
      ]
    },
    {
      "mode": "data",
      "type": "azurerm_client_config",
      "name": "current_data_bricks",
      "provider": "provider.azurerm",
      "instances": [
        {
          "schema_version": 0,
          "attributes": {
            "client_id": "04b07795-8ddb-461a-bbee-02f9e1bf7b46",
            "id": "2020-07-24 14:34:29.8839999 +0000 UTC",
            "object_id": "31d6339d-3a99-4ce2-80ce-47de1804c2ad",
            "service_principal_application_id": "",
            "service_principal_object_id": "",
            "subscription_id": "c405f45d-d750-45a5-8d4d-5c9006d4b2b5",
            "tenant_id": "a1a2578a-8fd3-4595-bb18-7d17df8944b0",
            "timeouts": null
          }
        }
      ]
    },
    {
      "mode": "data",
      "type": "azurerm_private_endpoint_connection",
      "name": "plinkconnection",
      "provider": "provider.azurerm",
      "instances": [
        {
          "schema_version": 0,
          "attributes": {
            "id": "/subscriptions/c405f45d-d750-45a5-8d4d-5c9006d4b2b5/resourceGroups/datatransformation-main-network/providers/Microsoft.Network/privateEndpoints/sql_endpoint",
            "location": "westeurope",
            "name": "sql_endpoint",
            "private_service_connection": [
              {
                "name": "sqlprivatelink",
                "private_ip_address": "10.0.3.4",
                "request_response": "Auto-approved",
                "status": "Approved"
              }
            ],
            "resource_group_name": "datatransformation-main-network",
            "timeouts": null
          }
        }
      ]
    },
    {
      "mode": "data",
      "type": "azurerm_private_endpoint_connection",
      "name": "plinkconnection_storage",
      "provider": "provider.azurerm",
      "instances": [
        {
          "schema_version": 0,
          "attributes": {
            "id": "/subscriptions/c405f45d-d750-45a5-8d4d-5c9006d4b2b5/resourceGroups/datatransformation-main-network/providers/Microsoft.Network/privateEndpoints/storage_endpoint",
            "location": "westeurope",
            "name": "storage_endpoint",
            "private_service_connection": [
              {
                "name": "storageprivatelink",
                "private_ip_address": "10.0.4.4",
                "request_response": "Auto-Approved",
                "status": "Approved"
              }
            ],
            "resource_group_name": "datatransformation-main-network",
            "timeouts": null
          }
        }
      ]
    },
    {
      "mode": "managed",
      "type": "azurerm_data_factory",
      "name": "data_factory",
      "provider": "provider.azurerm",
      "instances": [
        {
          "schema_version": 0,
          "attributes": {
            "github_configuration": [],
            "id": "/subscriptions/c405f45d-d750-45a5-8d4d-5c9006d4b2b5/resourceGroups/datatransformation-main-df/providers/Microsoft.DataFactory/factories/datafactory097c9a63",
            "identity": [],
            "location": "westeurope",
            "name": "datafactory097c9a63",
            "resource_group_name": "datatransformation-main-df",
            "tags": {},
            "vsts_configuration": []
          },
          "private": "bnVsbA==",
          "dependencies": [
            "azurerm_resource_group.data_factory",
            "azurerm_resource_group.rgmain",
            "random_id.randomId"
          ]
        }
      ]
    },
    {
      "mode": "managed",
      "type": "azurerm_databricks_workspace",
      "name": "databricks",
      "provider": "provider.azurerm",
      "instances": [
        {
          "schema_version": 0,
          "attributes": {
            "id": "/subscriptions/c405f45d-d750-45a5-8d4d-5c9006d4b2b5/resourceGroups/datatransformation-main-databricks/providers/Microsoft.Databricks/workspaces/databricks097c9a63",
            "location": "westeurope",
            "managed_resource_group_id": "/subscriptions/c405f45d-d750-45a5-8d4d-5c9006d4b2b5/resourceGroups/databricks-rg-datatransformation-main-databricks",
            "managed_resource_group_name": "databricks-rg-datatransformation-main-databricks",
            "name": "databricks097c9a63",
            "resource_group_name": "datatransformation-main-databricks",
            "sku": "standard",
            "tags": {}
          },
          "private": "bnVsbA==",
          "dependencies": [
            "azurerm_resource_group.databricks",
            "azurerm_resource_group.rgmain",
            "random_id.randomId"
          ]
        }
      ]
    },
    {
      "mode": "managed",
      "type": "azurerm_key_vault",
      "name": "example",
      "provider": "provider.azurerm",
      "instances": [
        {
          "schema_version": 1,
          "attributes": {
            "access_policy": [
              {
                "application_id": "",
                "certificate_permissions": null,
                "key_permissions": [
                  "get"
                ],
                "object_id": "31d6339d-3a99-4ce2-80ce-47de1804c2ad",
                "secret_permissions": [
                  "get"
                ],
                "storage_permissions": [
                  "get"
                ],
                "tenant_id": "a1a2578a-8fd3-4595-bb18-7d17df8944b0"
              }
            ],
            "enabled_for_deployment": false,
            "enabled_for_disk_encryption": true,
            "enabled_for_template_deployment": false,
            "id": "/subscriptions/c405f45d-d750-45a5-8d4d-5c9006d4b2b5/resourceGroups/datatransformation-main-kv/providers/Microsoft.KeyVault/vaults/sqlsvre3294459",
            "location": "westeurope",
            "name": "sqlsvre3294459",
            "network_acls": [
              {
                "bypass": "AzureServices",
                "default_action": "Deny",
                "ip_rules": null,
                "virtual_network_subnet_ids": null
              }
            ],
            "resource_group_name": "datatransformation-main-kv",
            "sku": [
              {
                "name": "standard"
              }
            ],
            "sku_name": "standard",
            "tags": {
              "environment": "Testing"
            },
            "tenant_id": "a1a2578a-8fd3-4595-bb18-7d17df8944b0",
            "vault_uri": "https://sqlsvre3294459.vault.azure.net/"
          },
          "private": "eyJzY2hlbWFfdmVyc2lvbiI6IjEifQ==",
          "dependencies": [
            "azurerm_resource_group.key_vault",
            "azurerm_resource_group.rgmain",
            "random_id.randomId_keyvault"
          ]
        }
      ]
    },
    {
      "module": "module.network",
      "mode": "managed",
      "type": "azurerm_network_security_group",
      "name": "security_group",
      "provider": "provider.azurerm",
      "instances": [
        {
          "schema_version": 0,
          "attributes": {
            "id": "/subscriptions/c405f45d-d750-45a5-8d4d-5c9006d4b2b5/resourceGroups/datatransformation-main-network/providers/Microsoft.Network/networkSecurityGroups/acctsecgrp",
            "location": "westeurope",
            "name": "acctsecgrp",
            "resource_group_name": "datatransformation-main-network",
            "security_rule": [],
            "tags": {
              "tag1": "",
              "tag2": ""
            }
          },
          "private": "bnVsbA==",
          "dependencies": [
            "azurerm_resource_group.rgmain",
            "module.network.azurerm_resource_group.network"
          ]
        }
      ]
    },
    {
      "module": "module.network",
      "mode": "managed",
      "type": "azurerm_network_security_rule",
      "name": "security_rule_rdp",
      "each": "list",
      "provider": "provider.azurerm",
      "instances": [
        {
          "index_key": 0,
          "schema_version": 0,
          "attributes": {
            "access": "Allow",
            "description": "",
            "destination_address_prefix": "*",
            "destination_address_prefixes": null,
            "destination_application_security_group_ids": null,
            "destination_port_range": "3389",
            "destination_port_ranges": null,
            "direction": "Inbound",
            "id": "/subscriptions/c405f45d-d750-45a5-8d4d-5c9006d4b2b5/resourceGroups/datatransformation-main-network/providers/Microsoft.Network/networkSecurityGroups/acctsecgrp/securityRules/rdp",
            "name": "rdp",
            "network_security_group_name": "acctsecgrp",
            "priority": 101,
            "protocol": "Tcp",
            "resource_group_name": "datatransformation-main-network",
            "source_address_prefix": "*",
            "source_address_prefixes": null,
            "source_application_security_group_ids": null,
            "source_port_range": "*",
            "source_port_ranges": null
          },
          "private": "bnVsbA==",
          "dependencies": [
            "azurerm_resource_group.rgmain",
            "module.network.azurerm_network_security_group.security_group",
            "module.network.azurerm_resource_group.network"
          ]
        }
      ]
    },
    {
      "module": "module.network",
      "mode": "managed",
      "type": "azurerm_network_security_rule",
      "name": "security_rule_ssh",
      "each": "list",
      "provider": "provider.azurerm",
      "instances": [
        {
          "index_key": 0,
          "schema_version": 0,
          "attributes": {
            "access": "Allow",
            "description": "",
            "destination_address_prefix": "*",
            "destination_address_prefixes": null,
            "destination_application_security_group_ids": null,
            "destination_port_range": "22",
            "destination_port_ranges": null,
            "direction": "Inbound",
            "id": "/subscriptions/c405f45d-d750-45a5-8d4d-5c9006d4b2b5/resourceGroups/datatransformation-main-network/providers/Microsoft.Network/networkSecurityGroups/acctsecgrp/securityRules/ssh",
            "name": "ssh",
            "network_security_group_name": "acctsecgrp",
            "priority": 102,
            "protocol": "Tcp",
            "resource_group_name": "datatransformation-main-network",
            "source_address_prefix": "*",
            "source_address_prefixes": null,
            "source_application_security_group_ids": null,
            "source_port_range": "*",
            "source_port_ranges": null
          },
          "private": "bnVsbA==",
          "dependencies": [
            "azurerm_resource_group.rgmain",
            "module.network.azurerm_network_security_group.security_group",
            "module.network.azurerm_resource_group.network"
          ]
        }
      ]
    },
    {
      "mode": "managed",
      "type": "azurerm_private_dns_a_record",
      "name": "private_endpoint_a_record",
      "provider": "provider.azurerm",
      "instances": [
        {
          "schema_version": 0,
          "attributes": {
            "id": "/subscriptions/c405f45d-d750-45a5-8d4d-5c9006d4b2b5/resourceGroups/datatransformation-main-network/providers/Microsoft.Network/privateDnsZones/privatelink.database.windows.net/A/sqlsvr097c9a63",
            "name": "sqlsvr097c9a63",
            "records": [
              "10.0.3.4"
            ],
            "resource_group_name": "datatransformation-main-network",
            "tags": {},
            "ttl": 300,
            "zone_name": "privatelink.database.windows.net"
          },
          "private": "bnVsbA==",
          "dependencies": [
            "azurerm_private_dns_zone.plink_dns_private_zone",
            "azurerm_private_endpoint.plink",
            "azurerm_resource_group.rgmain",
            "azurerm_resource_group.sql",
            "azurerm_sql_server.instance",
            "azurerm_subnet.private_link_endpoint",
            "module.network.azurerm_network_security_group.security_group",
            "module.network.azurerm_resource_group.network",
            "module.network.azurerm_virtual_network.vnet",
            "random_id.randomId"
          ]
        }
      ]
    },
    {
      "mode": "managed",
      "type": "azurerm_private_dns_a_record",
      "name": "private_endpoint_a_record_storage",
      "provider": "provider.azurerm",
      "instances": [
        {
          "schema_version": 0,
          "attributes": {
            "id": "/subscriptions/c405f45d-d750-45a5-8d4d-5c9006d4b2b5/resourceGroups/datatransformation-main-network/providers/Microsoft.Network/privateDnsZones/privatelink.blob.core.windows.net/A/storage",
            "name": "storage",
            "records": [
              "10.0.4.4"
            ],
            "resource_group_name": "datatransformation-main-network",
            "tags": {},
            "ttl": 300,
            "zone_name": "privatelink.blob.core.windows.net"
          },
          "private": "bnVsbA==",
          "dependencies": [
            "azurerm_private_dns_zone.plink_dns_private_zone_storage",
            "azurerm_private_endpoint.plink",
            "azurerm_private_endpoint.plink_storage",
            "azurerm_resource_group.rgmain",
            "azurerm_resource_group.sql",
            "azurerm_resource_group.storage",
            "azurerm_sql_server.instance",
            "azurerm_storage_account.dataLakeGen2Storage",
            "azurerm_subnet.private_link_endpoint",
            "azurerm_subnet.private_link_endpoint_storage",
            "module.network.azurerm_network_security_group.security_group",
            "module.network.azurerm_resource_group.network",
            "module.network.azurerm_virtual_network.vnet",
            "random_id.randomId",
            "random_id.randomId_storage"
          ]
        }
      ]
    },
    {
      "mode": "managed",
      "type": "azurerm_private_dns_zone",
      "name": "plink_dns_private_zone",
      "provider": "provider.azurerm",
      "instances": [
        {
          "schema_version": 0,
          "attributes": {
            "id": "/subscriptions/c405f45d-d750-45a5-8d4d-5c9006d4b2b5/resourceGroups/datatransformation-main-network/providers/Microsoft.Network/privateDnsZones/privatelink.database.windows.net",
            "max_number_of_record_sets": 25000,
            "max_number_of_virtual_network_links": 1000,
            "max_number_of_virtual_network_links_with_registration": 100,
            "name": "privatelink.database.windows.net",
            "number_of_record_sets": 1,
            "resource_group_name": "datatransformation-main-network",
            "tags": {}
          },
          "private": "bnVsbA==",
          "dependencies": [
            "azurerm_resource_group.rgmain",
            "azurerm_subnet.private_link_endpoint",
            "module.network.azurerm_network_security_group.security_group",
            "module.network.azurerm_resource_group.network",
            "module.network.azurerm_virtual_network.vnet"
          ]
        }
      ]
    },
    {
      "mode": "managed",
      "type": "azurerm_private_dns_zone",
      "name": "plink_dns_private_zone_storage",
      "provider": "provider.azurerm",
      "instances": [
        {
          "schema_version": 0,
          "attributes": {
            "id": "/subscriptions/c405f45d-d750-45a5-8d4d-5c9006d4b2b5/resourceGroups/datatransformation-main-network/providers/Microsoft.Network/privateDnsZones/privatelink.blob.core.windows.net",
            "max_number_of_record_sets": 25000,
            "max_number_of_virtual_network_links": 1000,
            "max_number_of_virtual_network_links_with_registration": 100,
            "name": "privatelink.blob.core.windows.net",
            "number_of_record_sets": 1,
            "resource_group_name": "datatransformation-main-network",
            "tags": {}
          },
          "private": "bnVsbA==",
          "dependencies": [
            "azurerm_resource_group.rgmain",
            "azurerm_subnet.private_link_endpoint",
            "module.network.azurerm_network_security_group.security_group",
            "module.network.azurerm_resource_group.network",
            "module.network.azurerm_virtual_network.vnet"
          ]
        }
      ]
    },
    {
      "mode": "managed",
      "type": "azurerm_private_dns_zone_virtual_network_link",
      "name": "zone_to_vnet_link",
      "provider": "provider.azurerm",
      "instances": [
        {
          "schema_version": 0,
          "attributes": {
            "id": "/subscriptions/c405f45d-d750-45a5-8d4d-5c9006d4b2b5/resourceGroups/datatransformation-main-network/providers/Microsoft.Network/privateDnsZones/privatelink.database.windows.net/virtualNetworkLinks/test",
            "name": "test",
            "private_dns_zone_name": "privatelink.database.windows.net",
            "registration_enabled": false,
            "resource_group_name": "datatransformation-main-network",
            "tags": {},
            "virtual_network_id": "/subscriptions/c405f45d-d750-45a5-8d4d-5c9006d4b2b5/resourceGroups/datatransformation-main-network/providers/Microsoft.Network/virtualNetworks/acctvnet"
          },
          "private": "bnVsbA==",
          "dependencies": [
            "azurerm_private_dns_zone.plink_dns_private_zone",
            "azurerm_private_endpoint.plink",
            "azurerm_resource_group.rgmain",
            "azurerm_resource_group.sql",
            "azurerm_sql_server.instance",
            "azurerm_subnet.private_link_endpoint",
            "module.network.azurerm_network_security_group.security_group",
            "module.network.azurerm_resource_group.network",
            "module.network.azurerm_virtual_network.vnet",
            "random_id.randomId"
          ]
        }
      ]
    },
    {
      "mode": "managed",
      "type": "azurerm_private_dns_zone_virtual_network_link",
      "name": "zone_to_vnet_link_storage",
      "provider": "provider.azurerm",
      "instances": [
        {
          "schema_version": 0,
          "attributes": {
            "id": "/subscriptions/c405f45d-d750-45a5-8d4d-5c9006d4b2b5/resourceGroups/datatransformation-main-network/providers/Microsoft.Network/privateDnsZones/privatelink.blob.core.windows.net/virtualNetworkLinks/storagelink",
            "name": "storagelink",
            "private_dns_zone_name": "privatelink.blob.core.windows.net",
            "registration_enabled": false,
            "resource_group_name": "datatransformation-main-network",
            "tags": {},
            "virtual_network_id": "/subscriptions/c405f45d-d750-45a5-8d4d-5c9006d4b2b5/resourceGroups/datatransformation-main-network/providers/Microsoft.Network/virtualNetworks/acctvnet"
          },
          "private": "bnVsbA==",
          "dependencies": [
            "azurerm_private_dns_zone.plink_dns_private_zone_storage",
            "azurerm_private_endpoint.plink",
            "azurerm_resource_group.rgmain",
            "azurerm_resource_group.sql",
            "azurerm_sql_server.instance",
            "azurerm_subnet.private_link_endpoint",
            "module.network.azurerm_network_security_group.security_group",
            "module.network.azurerm_resource_group.network",
            "module.network.azurerm_virtual_network.vnet",
            "random_id.randomId"
          ]
        }
      ]
    },
    {
      "mode": "managed",
      "type": "azurerm_private_endpoint",
      "name": "plink",
      "provider": "provider.azurerm",
      "instances": [
        {
          "schema_version": 0,
          "attributes": {
            "id": "/subscriptions/c405f45d-d750-45a5-8d4d-5c9006d4b2b5/resourceGroups/datatransformation-main-network/providers/Microsoft.Network/privateEndpoints/sql_endpoint",
            "location": "westeurope",
            "name": "sql_endpoint",
            "private_service_connection": [
              {
                "is_manual_connection": false,
                "name": "sqlprivatelink",
                "private_connection_resource_id": "/subscriptions/c405f45d-d750-45a5-8d4d-5c9006d4b2b5/resourceGroups/datatransformation-main-sql/providers/Microsoft.Sql/servers/sqlsvr097c9a63",
                "request_message": "",
                "subresource_names": [
                  "sqlServer"
                ]
              }
            ],
            "resource_group_name": "datatransformation-main-network",
            "subnet_id": "/subscriptions/c405f45d-d750-45a5-8d4d-5c9006d4b2b5/resourceGroups/datatransformation-main-network/providers/Microsoft.Network/virtualNetworks/acctvnet/subnets/endpointsubnet"
          },
          "private": "bnVsbA==",
          "dependencies": [
            "azurerm_resource_group.rgmain",
            "azurerm_resource_group.sql",
            "azurerm_sql_server.instance",
            "azurerm_subnet.private_link_endpoint",
            "module.network.azurerm_network_security_group.security_group",
            "module.network.azurerm_resource_group.network",
            "module.network.azurerm_virtual_network.vnet",
            "random_id.randomId"
          ]
        }
      ]
    },
    {
      "mode": "managed",
      "type": "azurerm_private_endpoint",
      "name": "plink_storage",
      "provider": "provider.azurerm",
      "instances": [
        {
          "schema_version": 0,
          "attributes": {
            "id": "/subscriptions/c405f45d-d750-45a5-8d4d-5c9006d4b2b5/resourceGroups/datatransformation-main-network/providers/Microsoft.Network/privateEndpoints/storage_endpoint",
            "location": "westeurope",
            "name": "storage_endpoint",
            "private_service_connection": [
              {
                "is_manual_connection": false,
                "name": "storageprivatelink",
                "private_connection_resource_id": "/subscriptions/c405f45d-d750-45a5-8d4d-5c9006d4b2b5/resourceGroups/datatransformation-main-storage/providers/Microsoft.Storage/storageAccounts/datalake2c0b17c6",
                "request_message": "",
                "subresource_names": [
                  "blob"
                ]
              }
            ],
            "resource_group_name": "datatransformation-main-network",
            "subnet_id": "/subscriptions/c405f45d-d750-45a5-8d4d-5c9006d4b2b5/resourceGroups/datatransformation-main-network/providers/Microsoft.Network/virtualNetworks/acctvnet/subnets/storageaccountsubnet"
          },
          "private": "bnVsbA==",
          "dependencies": [
            "azurerm_resource_group.rgmain",
            "azurerm_resource_group.storage",
            "azurerm_storage_account.dataLakeGen2Storage",
            "azurerm_subnet.private_link_endpoint",
            "azurerm_subnet.private_link_endpoint_storage",
            "module.network.azurerm_network_security_group.security_group",
            "module.network.azurerm_resource_group.network",
            "module.network.azurerm_virtual_network.vnet",
            "random_id.randomId_storage"
          ]
        }
      ]
    },
    {
      "mode": "managed",
      "type": "azurerm_resource_group",
      "name": "data_factory",
      "provider": "provider.azurerm",
      "instances": [
        {
          "schema_version": 0,
          "attributes": {
            "id": "/subscriptions/c405f45d-d750-45a5-8d4d-5c9006d4b2b5/resourceGroups/datatransformation-main-df",
            "location": "westeurope",
            "name": "datatransformation-main-df",
            "tags": {}
          },
          "private": "bnVsbA==",
          "dependencies": [
            "azurerm_resource_group.rgmain"
          ]
        }
      ]
    },
    {
      "mode": "managed",
      "type": "azurerm_resource_group",
      "name": "databricks",
      "provider": "provider.azurerm",
      "instances": [
        {
          "schema_version": 0,
          "attributes": {
            "id": "/subscriptions/c405f45d-d750-45a5-8d4d-5c9006d4b2b5/resourceGroups/datatransformation-main-databricks",
            "location": "westeurope",
            "name": "datatransformation-main-databricks",
            "tags": {}
          },
          "private": "bnVsbA==",
          "dependencies": [
            "azurerm_resource_group.rgmain"
          ]
        }
      ]
    },
    {
      "mode": "managed",
      "type": "azurerm_resource_group",
      "name": "example",
      "provider": "provider.azurerm",
      "instances": [
        {
          "schema_version": 0,
          "attributes": {
            "id": "/subscriptions/c405f45d-d750-45a5-8d4d-5c9006d4b2b5/resourceGroups/resourceGroup1",
            "location": "westus",
            "name": "resourceGroup1",
            "tags": {}
          },
          "private": "bnVsbA=="
        }
      ]
    },
    {
      "mode": "managed",
      "type": "azurerm_resource_group",
      "name": "key_vault",
      "provider": "provider.azurerm",
      "instances": [
        {
          "schema_version": 0,
          "attributes": {
            "id": "/subscriptions/c405f45d-d750-45a5-8d4d-5c9006d4b2b5/resourceGroups/datatransformation-main-kv",
            "location": "westeurope",
            "name": "datatransformation-main-kv",
            "tags": {}
          },
          "private": "bnVsbA==",
          "dependencies": [
            "azurerm_resource_group.rgmain"
          ]
        }
      ]
    },
    {
      "module": "module.network",
      "mode": "managed",
      "type": "azurerm_resource_group",
      "name": "network",
      "provider": "provider.azurerm",
      "instances": [
        {
          "schema_version": 0,
          "attributes": {
            "id": "/subscriptions/c405f45d-d750-45a5-8d4d-5c9006d4b2b5/resourceGroups/datatransformation-main-network",
            "location": "westeurope",
            "name": "datatransformation-main-network",
            "tags": {}
          },
          "private": "bnVsbA==",
          "dependencies": [
            "azurerm_resource_group.rgmain"
          ]
        }
      ]
    },
    {
      "mode": "managed",
      "type": "azurerm_resource_group",
      "name": "rgmain",
      "provider": "provider.azurerm",
      "instances": [
        {
          "schema_version": 0,
          "attributes": {
            "id": "/subscriptions/c405f45d-d750-45a5-8d4d-5c9006d4b2b5/resourceGroups/datatransformation-main",
            "location": "westeurope",
            "name": "datatransformation-main",
            "tags": {}
          },
          "private": "bnVsbA=="
        }
      ]
    },
    {
      "mode": "managed",
      "type": "azurerm_resource_group",
      "name": "sql",
      "provider": "provider.azurerm",
      "instances": [
        {
          "schema_version": 0,
          "attributes": {
            "id": "/subscriptions/c405f45d-d750-45a5-8d4d-5c9006d4b2b5/resourceGroups/datatransformation-main-sql",
            "location": "westeurope",
            "name": "datatransformation-main-sql",
            "tags": {}
          },
          "private": "bnVsbA==",
          "dependencies": [
            "azurerm_resource_group.rgmain"
          ]
        }
      ]
    },
    {
      "mode": "managed",
      "type": "azurerm_resource_group",
      "name": "storage",
      "provider": "provider.azurerm",
      "instances": [
        {
          "schema_version": 0,
          "attributes": {
            "id": "/subscriptions/c405f45d-d750-45a5-8d4d-5c9006d4b2b5/resourceGroups/datatransformation-main-storage",
            "location": "westeurope",
            "name": "datatransformation-main-storage",
            "tags": {}
          },
          "private": "bnVsbA==",
          "dependencies": [
            "azurerm_resource_group.rgmain"
          ]
        }
      ]
    },
    {
      "mode": "managed",
      "type": "azurerm_sql_server",
      "name": "instance",
      "provider": "provider.azurerm",
      "instances": [
        {
          "schema_version": 0,
          "attributes": {
            "administrator_login": "sqladmin",
            "administrator_login_password": "02June94****",
            "fully_qualified_domain_name": "sqlsvr097c9a63.database.windows.net",
            "id": "/subscriptions/c405f45d-d750-45a5-8d4d-5c9006d4b2b5/resourceGroups/datatransformation-main-sql/providers/Microsoft.Sql/servers/sqlsvr097c9a63",
            "identity": [],
            "location": "westeurope",
            "name": "sqlsvr097c9a63",
            "resource_group_name": "datatransformation-main-sql",
            "tags": {},
            "version": "12.0"
          },
          "private": "bnVsbA==",
          "dependencies": [
            "azurerm_resource_group.rgmain",
            "azurerm_resource_group.sql",
            "random_id.randomId"
          ]
        }
      ]
    },
    {
      "mode": "managed",
      "type": "azurerm_storage_account",
      "name": "dataLakeGen2Storage",
      "provider": "provider.azurerm",
      "instances": [
        {
          "schema_version": 2,
          "attributes": {
            "access_tier": "Hot",
            "account_encryption_source": "Microsoft.Storage",
            "account_kind": "StorageV2",
            "account_replication_type": "LRS",
            "account_tier": "Standard",
            "account_type": "Standard_LRS",
            "custom_domain": [],
            "enable_advanced_threat_protection": false,
            "enable_blob_encryption": true,
            "enable_file_encryption": true,
            "enable_https_traffic_only": false,
            "id": "/subscriptions/c405f45d-d750-45a5-8d4d-5c9006d4b2b5/resourceGroups/datatransformation-main-storage/providers/Microsoft.Storage/storageAccounts/datalake2c0b17c6",
            "identity": [],
            "is_hns_enabled": true,
            "location": "westeurope",
            "name": "datalake2c0b17c6",
            "network_rules": [],
            "primary_access_key": "rkmmrzDXlXy5CTzeJC1b1kfS3Apvg+hevIf66T0IKfUnXfdne2nle4DioTEo1nfZa80IsRMc1yA+QQhdbxgMeQ==",
            "primary_blob_connection_string": "DefaultEndpointsProtocol=https;BlobEndpoint=https://datalake2c0b17c6.blob.core.windows.net/;AccountName=datalake2c0b17c6;AccountKey=rkmmrzDXlXy5CTzeJC1b1kfS3Apvg+hevIf66T0IKfUnXfdne2nle4DioTEo1nfZa80IsRMc1yA+QQhdbxgMeQ==",
            "primary_blob_endpoint": "https://datalake2c0b17c6.blob.core.windows.net/",
            "primary_blob_host": "datalake2c0b17c6.blob.core.windows.net",
            "primary_connection_string": "DefaultEndpointsProtocol=https;AccountName=datalake2c0b17c6;AccountKey=rkmmrzDXlXy5CTzeJC1b1kfS3Apvg+hevIf66T0IKfUnXfdne2nle4DioTEo1nfZa80IsRMc1yA+QQhdbxgMeQ==;EndpointSuffix=core.windows.net",
            "primary_dfs_endpoint": "https://datalake2c0b17c6.dfs.core.windows.net/",
            "primary_dfs_host": "datalake2c0b17c6.dfs.core.windows.net",
            "primary_file_endpoint": "https://datalake2c0b17c6.file.core.windows.net/",
            "primary_file_host": "datalake2c0b17c6.file.core.windows.net",
            "primary_location": "westeurope",
            "primary_queue_endpoint": "https://datalake2c0b17c6.queue.core.windows.net/",
            "primary_queue_host": "datalake2c0b17c6.queue.core.windows.net",
            "primary_table_endpoint": "https://datalake2c0b17c6.table.core.windows.net/",
            "primary_table_host": "datalake2c0b17c6.table.core.windows.net",
            "primary_web_endpoint": "https://datalake2c0b17c6.z6.web.core.windows.net/",
            "primary_web_host": "datalake2c0b17c6.z6.web.core.windows.net",
            "queue_properties": [
              {
                "cors_rule": [],
                "hour_metrics": [
                  {
                    "enabled": true,
                    "include_apis": true,
                    "retention_policy_days": 7,
                    "version": "1.0"
                  }
                ],
                "logging": [
                  {
                    "delete": false,
                    "read": false,
                    "retention_policy_days": 0,
                    "version": "1.0",
                    "write": false
                  }
                ],
                "minute_metrics": [
                  {
                    "enabled": false,
                    "include_apis": false,
                    "retention_policy_days": 0,
                    "version": "1.0"
                  }
                ]
              }
            ],
            "resource_group_name": "datatransformation-main-storage",
            "secondary_access_key": "vPLRLC3rzOCrYYPVf76DbJoEWzQXIxRw9YEIuYGVbyGbl4Edh3EMvn8nDOMsvbWgEZ0ZOQ9mxF2BH5w/MT8qHQ==",
            "secondary_blob_connection_string": "",
            "secondary_blob_endpoint": null,
            "secondary_blob_host": null,
            "secondary_connection_string": "DefaultEndpointsProtocol=https;AccountName=datalake2c0b17c6;AccountKey=vPLRLC3rzOCrYYPVf76DbJoEWzQXIxRw9YEIuYGVbyGbl4Edh3EMvn8nDOMsvbWgEZ0ZOQ9mxF2BH5w/MT8qHQ==;EndpointSuffix=core.windows.net",
            "secondary_dfs_endpoint": null,
            "secondary_dfs_host": null,
            "secondary_file_endpoint": null,
            "secondary_file_host": null,
            "secondary_location": "",
            "secondary_queue_endpoint": null,
            "secondary_queue_host": null,
            "secondary_table_endpoint": null,
            "secondary_table_host": null,
            "secondary_web_endpoint": null,
            "secondary_web_host": null,
            "tags": {}
          },
          "private": "eyJzY2hlbWFfdmVyc2lvbiI6IjIifQ==",
          "dependencies": [
            "azurerm_resource_group.rgmain",
            "azurerm_resource_group.storage",
            "random_id.randomId_storage"
          ]
        }
      ]
    },
    {
      "mode": "managed",
      "type": "azurerm_storage_account",
      "name": "stagingStorageAccount",
      "provider": "provider.azurerm",
      "instances": [
        {
          "schema_version": 2,
          "attributes": {
            "access_tier": "",
            "account_encryption_source": "Microsoft.Storage",
            "account_kind": "Storage",
            "account_replication_type": "GRS",
            "account_tier": "Standard",
            "account_type": "Standard_GRS",
            "custom_domain": [],
            "enable_advanced_threat_protection": false,
            "enable_blob_encryption": true,
            "enable_file_encryption": true,
            "enable_https_traffic_only": false,
            "id": "/subscriptions/c405f45d-d750-45a5-8d4d-5c9006d4b2b5/resourceGroups/datatransformation-main-storage/providers/Microsoft.Storage/storageAccounts/stagingstorage2c0b17c6",
            "identity": [],
            "is_hns_enabled": false,
            "location": "westeurope",
            "name": "stagingstorage2c0b17c6",
            "network_rules": [],
            "primary_access_key": "gs9pBXPDjCb6k9RlE1+mqLhcCt2mwKta1Kjnk51TEwmZa1W6dq/7cs6INhQzwvoHNwGG28JOMAQ7kqBvbA2meg==",
            "primary_blob_connection_string": "DefaultEndpointsProtocol=https;BlobEndpoint=https://stagingstorage2c0b17c6.blob.core.windows.net/;AccountName=stagingstorage2c0b17c6;AccountKey=gs9pBXPDjCb6k9RlE1+mqLhcCt2mwKta1Kjnk51TEwmZa1W6dq/7cs6INhQzwvoHNwGG28JOMAQ7kqBvbA2meg==",
            "primary_blob_endpoint": "https://stagingstorage2c0b17c6.blob.core.windows.net/",
            "primary_blob_host": "stagingstorage2c0b17c6.blob.core.windows.net",
            "primary_connection_string": "DefaultEndpointsProtocol=https;AccountName=stagingstorage2c0b17c6;AccountKey=gs9pBXPDjCb6k9RlE1+mqLhcCt2mwKta1Kjnk51TEwmZa1W6dq/7cs6INhQzwvoHNwGG28JOMAQ7kqBvbA2meg==;EndpointSuffix=core.windows.net",
            "primary_dfs_endpoint": "",
            "primary_dfs_host": "",
            "primary_file_endpoint": "https://stagingstorage2c0b17c6.file.core.windows.net/",
            "primary_file_host": "stagingstorage2c0b17c6.file.core.windows.net",
            "primary_location": "westeurope",
            "primary_queue_endpoint": "https://stagingstorage2c0b17c6.queue.core.windows.net/",
            "primary_queue_host": "stagingstorage2c0b17c6.queue.core.windows.net",
            "primary_table_endpoint": "https://stagingstorage2c0b17c6.table.core.windows.net/",
            "primary_table_host": "stagingstorage2c0b17c6.table.core.windows.net",
            "primary_web_endpoint": "",
            "primary_web_host": "",
            "queue_properties": [
              {
                "cors_rule": [],
                "hour_metrics": [
                  {
                    "enabled": true,
                    "include_apis": true,
                    "retention_policy_days": 7,
                    "version": "1.0"
                  }
                ],
                "logging": [
                  {
                    "delete": false,
                    "read": false,
                    "retention_policy_days": 0,
                    "version": "1.0",
                    "write": false
                  }
                ],
                "minute_metrics": [
                  {
                    "enabled": false,
                    "include_apis": false,
                    "retention_policy_days": 0,
                    "version": "1.0"
                  }
                ]
              }
            ],
            "resource_group_name": "datatransformation-main-storage",
            "secondary_access_key": "Gta0B1cP7QmVhJ85VuheLtnnPGdCYIp8sadl5eS7fEuhm1CrhXEAhcvQBOBR3UTZ7YvK/worECOt0rmiA5CK6A==",
            "secondary_blob_connection_string": "",
            "secondary_blob_endpoint": null,
            "secondary_blob_host": null,
            "secondary_connection_string": "DefaultEndpointsProtocol=https;AccountName=stagingstorage2c0b17c6;AccountKey=Gta0B1cP7QmVhJ85VuheLtnnPGdCYIp8sadl5eS7fEuhm1CrhXEAhcvQBOBR3UTZ7YvK/worECOt0rmiA5CK6A==;EndpointSuffix=core.windows.net",
            "secondary_dfs_endpoint": null,
            "secondary_dfs_host": null,
            "secondary_file_endpoint": null,
            "secondary_file_host": null,
            "secondary_location": "northeurope",
            "secondary_queue_endpoint": null,
            "secondary_queue_host": null,
            "secondary_table_endpoint": null,
            "secondary_table_host": null,
            "secondary_web_endpoint": null,
            "secondary_web_host": null,
            "tags": {
              "environment": "UAT",
              "type": "Storage"
            }
          },
          "private": "eyJzY2hlbWFfdmVyc2lvbiI6IjIifQ==",
          "dependencies": [
            "azurerm_resource_group.rgmain",
            "azurerm_resource_group.storage",
            "random_id.randomId_storage"
          ]
        }
      ]
    },
    {
      "mode": "managed",
      "type": "azurerm_subnet",
      "name": "private_link_endpoint",
      "provider": "provider.azurerm",
      "instances": [
        {
          "schema_version": 0,
          "attributes": {
            "address_prefix": "10.0.3.0/24",
            "delegation": [],
            "enforce_private_link_endpoint_network_policies": true,
            "enforce_private_link_service_network_policies": false,
            "id": "/subscriptions/c405f45d-d750-45a5-8d4d-5c9006d4b2b5/resourceGroups/datatransformation-main-network/providers/Microsoft.Network/virtualNetworks/acctvnet/subnets/endpointsubnet",
            "ip_configurations": [],
            "name": "endpointsubnet",
            "network_security_group_id": "/subscriptions/c405f45d-d750-45a5-8d4d-5c9006d4b2b5/resourceGroups/datatransformation-main-network/providers/Microsoft.Network/networkSecurityGroups/acctsecgrp",
            "resource_group_name": "datatransformation-main-network",
            "route_table_id": "",
            "service_endpoints": null,
            "virtual_network_name": "acctvnet"
          },
          "private": "bnVsbA==",
          "dependencies": [
            "azurerm_resource_group.rgmain",
            "module.network.azurerm_network_security_group.security_group",
            "module.network.azurerm_resource_group.network",
            "module.network.azurerm_virtual_network.vnet"
          ]
        }
      ]
    },
    {
      "mode": "managed",
      "type": "azurerm_subnet",
      "name": "private_link_endpoint_storage",
      "provider": "provider.azurerm",
      "instances": [
        {
          "schema_version": 0,
          "attributes": {
            "address_prefix": "10.0.4.0/24",
            "delegation": [],
            "enforce_private_link_endpoint_network_policies": true,
            "enforce_private_link_service_network_policies": false,
            "id": "/subscriptions/c405f45d-d750-45a5-8d4d-5c9006d4b2b5/resourceGroups/datatransformation-main-network/providers/Microsoft.Network/virtualNetworks/acctvnet/subnets/storageaccountsubnet",
            "ip_configurations": [],
            "name": "storageaccountsubnet",
            "network_security_group_id": "/subscriptions/c405f45d-d750-45a5-8d4d-5c9006d4b2b5/resourceGroups/datatransformation-main-network/providers/Microsoft.Network/networkSecurityGroups/acctsecgrp",
            "resource_group_name": "datatransformation-main-network",
            "route_table_id": "",
            "service_endpoints": null,
            "virtual_network_name": "acctvnet"
          },
          "private": "bnVsbA==",
          "dependencies": [
            "azurerm_resource_group.rgmain",
            "module.network.azurerm_network_security_group.security_group",
            "module.network.azurerm_resource_group.network",
            "module.network.azurerm_virtual_network.vnet"
          ]
        }
      ]
    },
    {
      "module": "module.network",
      "mode": "managed",
      "type": "azurerm_subnet",
      "name": "subnet",
      "each": "list",
      "provider": "provider.azurerm",
      "instances": [
        {
          "index_key": 0,
          "schema_version": 0,
          "attributes": {
            "address_prefix": "10.0.1.0/24",
            "delegation": [],
            "enforce_private_link_endpoint_network_policies": false,
            "enforce_private_link_service_network_policies": false,
            "id": "/subscriptions/c405f45d-d750-45a5-8d4d-5c9006d4b2b5/resourceGroups/datatransformation-main-network/providers/Microsoft.Network/virtualNetworks/acctvnet/subnets/subnet1",
            "ip_configurations": [],
            "name": "subnet1",
            "network_security_group_id": "/subscriptions/c405f45d-d750-45a5-8d4d-5c9006d4b2b5/resourceGroups/datatransformation-main-network/providers/Microsoft.Network/networkSecurityGroups/acctsecgrp",
            "resource_group_name": "datatransformation-main-network",
            "route_table_id": "",
            "service_endpoints": null,
            "virtual_network_name": "acctvnet"
          },
          "private": "bnVsbA==",
          "dependencies": [
            "azurerm_resource_group.rgmain",
            "module.network.azurerm_network_security_group.security_group",
            "module.network.azurerm_resource_group.network",
            "module.network.azurerm_virtual_network.vnet"
          ]
        },
        {
          "index_key": 1,
          "schema_version": 0,
          "attributes": {
            "address_prefix": "10.0.2.0/24",
            "delegation": [],
            "enforce_private_link_endpoint_network_policies": false,
            "enforce_private_link_service_network_policies": false,
            "id": "/subscriptions/c405f45d-d750-45a5-8d4d-5c9006d4b2b5/resourceGroups/datatransformation-main-network/providers/Microsoft.Network/virtualNetworks/acctvnet/subnets/subnet2",
            "ip_configurations": [],
            "name": "subnet2",
            "network_security_group_id": "/subscriptions/c405f45d-d750-45a5-8d4d-5c9006d4b2b5/resourceGroups/datatransformation-main-network/providers/Microsoft.Network/networkSecurityGroups/acctsecgrp",
            "resource_group_name": "datatransformation-main-network",
            "route_table_id": "",
            "service_endpoints": null,
            "virtual_network_name": "acctvnet"
          },
          "private": "bnVsbA==",
          "dependencies": [
            "azurerm_resource_group.rgmain",
            "module.network.azurerm_network_security_group.security_group",
            "module.network.azurerm_resource_group.network",
            "module.network.azurerm_virtual_network.vnet"
          ]
        }
      ]
    },
    {
      "module": "module.network",
      "mode": "managed",
      "type": "azurerm_virtual_network",
      "name": "vnet",
      "provider": "provider.azurerm",
      "instances": [
        {
          "schema_version": 0,
          "attributes": {
            "address_space": [
              "10.0.0.0/16"
            ],
            "ddos_protection_plan": [],
            "dns_servers": [],
            "id": "/subscriptions/c405f45d-d750-45a5-8d4d-5c9006d4b2b5/resourceGroups/datatransformation-main-network/providers/Microsoft.Network/virtualNetworks/acctvnet",
            "location": "westeurope",
            "name": "acctvnet",
            "resource_group_name": "datatransformation-main-network",
            "subnet": [],
            "tags": {
              "tag1": "",
              "tag2": ""
            }
          },
          "private": "bnVsbA==",
          "dependencies": [
            "azurerm_resource_group.rgmain",
            "module.network.azurerm_resource_group.network"
          ]
        }
      ]
    },
    {
      "mode": "managed",
      "type": "random_id",
      "name": "randomId",
      "provider": "provider.random",
      "instances": [
        {
          "schema_version": 0,
          "attributes": {
            "b64": "CXyaYw",
            "b64_std": "CXyaYw==",
            "b64_url": "CXyaYw",
            "byte_length": 4,
            "dec": "159160931",
            "hex": "097c9a63",
            "id": "CXyaYw",
            "keepers": null,
            "prefix": null
          },
          "private": "bnVsbA=="
        }
      ]
    },
    {
      "mode": "managed",
      "type": "random_id",
      "name": "randomId_databricks",
      "provider": "provider.random",
      "instances": [
        {
          "schema_version": 0,
          "attributes": {
            "b64": "uWbMbw",
            "b64_std": "uWbMbw==",
            "b64_url": "uWbMbw",
            "byte_length": 4,
            "dec": "3110521967",
            "hex": "b966cc6f",
            "id": "uWbMbw",
            "keepers": null,
            "prefix": null
          },
          "private": "bnVsbA=="
        }
      ]
    },
    {
      "mode": "managed",
      "type": "random_id",
      "name": "randomId_datafactory",
      "provider": "provider.random",
      "instances": [
        {
          "schema_version": 0,
          "attributes": {
            "b64": "s0Ybvg",
            "b64_std": "s0Ybvg==",
            "b64_url": "s0Ybvg",
            "byte_length": 4,
            "dec": "3007716286",
            "hex": "b3461bbe",
            "id": "s0Ybvg",
            "keepers": null,
            "prefix": null
          },
          "private": "bnVsbA=="
        }
      ]
    },
    {
      "mode": "managed",
      "type": "random_id",
      "name": "randomId_keyvault",
      "provider": "provider.random",
      "instances": [
        {
          "schema_version": 0,
          "attributes": {
            "b64": "4ylEWQ",
            "b64_std": "4ylEWQ==",
            "b64_url": "4ylEWQ",
            "byte_length": 4,
            "dec": "3811132505",
            "hex": "e3294459",
            "id": "4ylEWQ",
            "keepers": null,
            "prefix": null
          },
          "private": "bnVsbA=="
        }
      ]
    },
    {
      "mode": "managed",
      "type": "random_id",
      "name": "randomId_storage",
      "provider": "provider.random",
      "instances": [
        {
          "schema_version": 0,
          "attributes": {
            "b64": "LAsXxg",
            "b64_std": "LAsXxg==",
            "b64_url": "LAsXxg",
            "byte_length": 4,
            "dec": "738924486",
            "hex": "2c0b17c6",
            "id": "LAsXxg",
            "keepers": null,
            "prefix": null
          },
          "private": "bnVsbA=="
        }
      ]
    }
  ]
}
